
Microsoft Visual Studio Solution File, Format Version 12.00
# Visual Studio Version 17
VisualStudioVersion = 17.1.32228.430
MinimumVisualStudioVersion = 10.0.40219.1
Project("{FAE04EC0-301F-11D3-BF4B-00C04F79EFBC}") = "VEGBLOC_Plugin", "VEGBLOC_Plugin\VEGBLOC_Plugin.csproj", "{C988E57C-EF94-46C7-BEA3-5056B9EBE3CE}"
EndProject
Global
	GlobalSection(SolutionConfigurationPlatforms) = preSolution
		Debug|Any CPU = Debug|Any CPU
		Release|Any CPU = Release|Any CPU
	EndGlobalSection
	GlobalSection(ProjectConfigurationPlatforms) = postSolution
		{C988E57C-EF94-46C7-BEA3-5056B9EBE3CE}.Debug|Any CPU.ActiveCfg = Debug|Any CPU
		{C988E57C-EF94-46C7-BEA3-5056B9EBE3CE}.Debug|Any CPU.Build.0 = Debug|Any CPU
		{C988E57C-EF94-46C7-BEA3-5056B9EBE3CE}.Release|Any CPU.ActiveCfg = Release|Any CPU
		{C988E57C-EF94-46C7-BEA3-5056B9EBE3CE}.Release|Any CPU.Build.0 = Release|Any CPU
	EndGlobalSection
	GlobalSection(SolutionProperties) = preSolution
		HideSolutionNode = FALSE
	EndGlobalSection
	GlobalSection(ExtensibilityGlobals) = postSolution
		SolutionGuid = {7F6FC3C1-E73C-4D82-A466-8D70422E32CD}
	EndGlobalSection
EndGlobal
